// !$*UTF8*$!
{
	archiveVersion = 1;
	classes = {
	};
	objectVersion = 46;
	objects = {

/* Begin PBXBuildFile section */
		4E1852901BCC91C6000F1818 /* ic_home_white.png in Resources */ = {isa = PBXBuildFile; fileRef = 4E18528F1BCC91C6000F1818 /* ic_home_white.png */; settings = {ASSET_TAGS = (); }; };
		4E1852921BCC91DB000F1818 /* ic_list_white.png in Resources */ = {isa = PBXBuildFile; fileRef = 4E1852911BCC91DB000F1818 /* ic_list_white.png */; settings = {ASSET_TAGS = (); }; };
		4E1852941BCC91EC000F1818 /* ic_collections_white.png in Resources */ = {isa = PBXBuildFile; fileRef = 4E1852931BCC91EC000F1818 /* ic_collections_white.png */; settings = {ASSET_TAGS = (); }; };
		4E1852961BCC91FB000F1818 /* ic_create_white.png in Resources */ = {isa = PBXBuildFile; fileRef = 4E1852951BCC91FB000F1818 /* ic_create_white.png */; settings = {ASSET_TAGS = (); }; };
		4E1852981BCC92F4000F1818 /* ic_create_white_2x.png in Resources */ = {isa = PBXBuildFile; fileRef = 4E1852971BCC92F4000F1818 /* ic_create_white_2x.png */; settings = {ASSET_TAGS = (); }; };
		4E18529A1BCC9303000F1818 /* ic_home_white_2x.png in Resources */ = {isa = PBXBuildFile; fileRef = 4E1852991BCC9303000F1818 /* ic_home_white_2x.png */; settings = {ASSET_TAGS = (); }; };
		4E18529C1BCC9312000F1818 /* ic_list_white_2x.png in Resources */ = {isa = PBXBuildFile; fileRef = 4E18529B1BCC9312000F1818 /* ic_list_white_2x.png */; settings = {ASSET_TAGS = (); }; };
		4E18529E1BCC9327000F1818 /* ic_collections_white_2x.png in Resources */ = {isa = PBXBuildFile; fileRef = 4E18529D1BCC9327000F1818 /* ic_collections_white_2x.png */; settings = {ASSET_TAGS = (); }; };
		4E1852A01BCDE76F000F1818 /* ic_save_white.png in Resources */ = {isa = PBXBuildFile; fileRef = 4E18529F1BCDE76F000F1818 /* ic_save_white.png */; settings = {ASSET_TAGS = (); }; };
		4E1852A21BCDEBE2000F1818 /* ic_arrow_back_white_36pt.png in Resources */ = {isa = PBXBuildFile; fileRef = 4E1852A11BCDEBE2000F1818 /* ic_arrow_back_white_36pt.png */; settings = {ASSET_TAGS = (); }; };
		4E1852A41BCDEC2E000F1818 /* ic_save_white_36pt.png in Resources */ = {isa = PBXBuildFile; fileRef = 4E1852A31BCDEC2E000F1818 /* ic_save_white_36pt.png */; settings = {ASSET_TAGS = (); }; };
		4E1852A61BCDF36A000F1818 /* ic_image_48pt.png in Resources */ = {isa = PBXBuildFile; fileRef = 4E1852A51BCDF36A000F1818 /* ic_image_48pt.png */; settings = {ASSET_TAGS = (); }; };
		4E1852B31BCE11D7000F1818 /* NaverAuth.bundle in Resources */ = {isa = PBXBuildFile; fileRef = 4E1852AC1BCE11D7000F1818 /* NaverAuth.bundle */; settings = {ASSET_TAGS = (); }; };
		4E1852B41BCE11D7000F1818 /* libNaverLogin.a in Frameworks */ = {isa = PBXBuildFile; fileRef = 4E1852AE1BCE11D7000F1818 /* libNaverLogin.a */; settings = {ASSET_TAGS = (); }; };
		4E1852B51BCE11D7000F1818 /* NLoginThirdPartyOAuth20InAppBrowserViewController.m in Sources */ = {isa = PBXBuildFile; fileRef = 4E1852B21BCE11D7000F1818 /* NLoginThirdPartyOAuth20InAppBrowserViewController.m */; settings = {ASSET_TAGS = (); }; };
		4E18532E1BD0D118000F1818 /* BestCollectionViewController.m in Sources */ = {isa = PBXBuildFile; fileRef = 4E18532D1BD0D118000F1818 /* BestCollectionViewController.m */; settings = {ASSET_TAGS = (); }; };
		4E1853311BD0D126000F1818 /* CategoryViewController.m in Sources */ = {isa = PBXBuildFile; fileRef = 4E1853301BD0D126000F1818 /* CategoryViewController.m */; settings = {ASSET_TAGS = (); }; };
		4E1853341BD0D131000F1818 /* MyListViewController.m in Sources */ = {isa = PBXBuildFile; fileRef = 4E1853331BD0D131000F1818 /* MyListViewController.m */; settings = {ASSET_TAGS = (); }; };
		4E1853391BD0D183000F1818 /* adventure.jpg in Resources */ = {isa = PBXBuildFile; fileRef = 4E1853351BD0D183000F1818 /* adventure.jpg */; settings = {ASSET_TAGS = (); }; };
		4E18533A1BD0D183000F1818 /* family.jpg in Resources */ = {isa = PBXBuildFile; fileRef = 4E1853361BD0D183000F1818 /* family.jpg */; settings = {ASSET_TAGS = (); }; };
		4E18533B1BD0D183000F1818 /* friend.jpg in Resources */ = {isa = PBXBuildFile; fileRef = 4E1853371BD0D183000F1818 /* friend.jpg */; settings = {ASSET_TAGS = (); }; };
		4E18533C1BD0D183000F1818 /* romance.jpg in Resources */ = {isa = PBXBuildFile; fileRef = 4E1853381BD0D183000F1818 /* romance.jpg */; settings = {ASSET_TAGS = (); }; };
		4E1853541BD0ED20000F1818 /* CategoryViewCell.m in Sources */ = {isa = PBXBuildFile; fileRef = 4E1853531BD0ED20000F1818 /* CategoryViewCell.m */; settings = {ASSET_TAGS = (); }; };
		4E2B6A631BE9E42C00244941 /* YBWaterFallViewCell.m in Sources */ = {isa = PBXBuildFile; fileRef = 4E2B6A621BE9E42C00244941 /* YBWaterFallViewCell.m */; settings = {ASSET_TAGS = (); }; };
		4E3EC3011BBD105700C73CFE /* main.m in Sources */ = {isa = PBXBuildFile; fileRef = 4E3EC3001BBD105700C73CFE /* main.m */; };
		4E3EC3041BBD105700C73CFE /* AppDelegate.m in Sources */ = {isa = PBXBuildFile; fileRef = 4E3EC3031BBD105700C73CFE /* AppDelegate.m */; };
		4E3EC30A1BBD105700C73CFE /* Main.storyboard in Resources */ = {isa = PBXBuildFile; fileRef = 4E3EC3081BBD105700C73CFE /* Main.storyboard */; };
		4E3EC30C1BBD105700C73CFE /* Assets.xcassets in Resources */ = {isa = PBXBuildFile; fileRef = 4E3EC30B1BBD105700C73CFE /* Assets.xcassets */; };
		4E3EC30F1BBD105700C73CFE /* LaunchScreen.storyboard in Resources */ = {isa = PBXBuildFile; fileRef = 4E3EC30D1BBD105700C73CFE /* LaunchScreen.storyboard */; };
		4E3EC31A1BBD105700C73CFE /* KumdoTests.m in Sources */ = {isa = PBXBuildFile; fileRef = 4E3EC3191BBD105700C73CFE /* KumdoTests.m */; };
		4E3EC3251BBD105700C73CFE /* KumdoUITests.m in Sources */ = {isa = PBXBuildFile; fileRef = 4E3EC3241BBD105700C73CFE /* KumdoUITests.m */; };
		4E6688991BCB87F600D25A7C /* WriteViewController.m in Sources */ = {isa = PBXBuildFile; fileRef = 4E6688981BCB87F600D25A7C /* WriteViewController.m */; settings = {ASSET_TAGS = (); }; };
		4E66889C1BCB880600D25A7C /* DetailViewController.m in Sources */ = {isa = PBXBuildFile; fileRef = 4E66889B1BCB880600D25A7C /* DetailViewController.m */; settings = {ASSET_TAGS = (); }; };
		4E66889F1BCB882200D25A7C /* SnsLoginViewController.m in Sources */ = {isa = PBXBuildFile; fileRef = 4E66889E1BCB882200D25A7C /* SnsLoginViewController.m */; settings = {ASSET_TAGS = (); }; };
		4E6688A21BCB883B00D25A7C /* MenuViewController.m in Sources */ = {isa = PBXBuildFile; fileRef = 4E6688A11BCB883B00D25A7C /* MenuViewController.m */; settings = {ASSET_TAGS = (); }; };
		4E6C8D361BE72B7C00F9964F /* YBFlowContentView.m in Sources */ = {isa = PBXBuildFile; fileRef = 4E6C8D351BE72B7C00F9964F /* YBFlowContentView.m */; settings = {ASSET_TAGS = (); }; };
		4E6D92C31BE060F20061CBA6 /* YBCollectionViewCell.m in Sources */ = {isa = PBXBuildFile; fileRef = 4E6D92C21BE060F20061CBA6 /* YBCollectionViewCell.m */; settings = {ASSET_TAGS = (); }; };
		4E72BA261BD47D8000068B57 /* YBWriting.m in Sources */ = {isa = PBXBuildFile; fileRef = 4E72BA251BD47D8000068B57 /* YBWriting.m */; settings = {ASSET_TAGS = (); }; };
		4E72BA2C1BD4975900068B57 /* CategoryCollectionViewController.m in Sources */ = {isa = PBXBuildFile; fileRef = 4E72BA2B1BD4975900068B57 /* CategoryCollectionViewController.m */; settings = {ASSET_TAGS = (); }; };
		4E72BA2F1BD4BFD200068B57 /* YBCategory.m in Sources */ = {isa = PBXBuildFile; fileRef = 4E72BA2E1BD4BFD200068B57 /* YBCategory.m */; settings = {ASSET_TAGS = (); }; };
		4E743B9B1BD5D25C009CBF99 /* YBUser.m in Sources */ = {isa = PBXBuildFile; fileRef = 4E743B9A1BD5D25C009CBF99 /* YBUser.m */; settings = {ASSET_TAGS = (); }; };
		4E743B9E1BD600D7009CBF99 /* YBWordDictionary.m in Sources */ = {isa = PBXBuildFile; fileRef = 4E743B9D1BD600D7009CBF99 /* YBWordDictionary.m */; settings = {ASSET_TAGS = (); }; };
		4E743BA81BD628B5009CBF99 /* FlowContentViewController.m in Sources */ = {isa = PBXBuildFile; fileRef = 4E743BA71BD628B5009CBF99 /* FlowContentViewController.m */; settings = {ASSET_TAGS = (); }; };
		4E76659F1BE720B100C5C312 /* boyoung.jpg in Resources */ = {isa = PBXBuildFile; fileRef = 4E76659C1BE720B100C5C312 /* boyoung.jpg */; settings = {ASSET_TAGS = (); }; };
		4E7665A01BE720B100C5C312 /* boyoung2.jpg in Resources */ = {isa = PBXBuildFile; fileRef = 4E76659D1BE720B100C5C312 /* boyoung2.jpg */; settings = {ASSET_TAGS = (); }; };
		4E7665A11BE720B100C5C312 /* boyoung3.jpg in Resources */ = {isa = PBXBuildFile; fileRef = 4E76659E1BE720B100C5C312 /* boyoung3.jpg */; settings = {ASSET_TAGS = (); }; };
		4E7665A41BE720BB00C5C312 /* iu.jpg in Resources */ = {isa = PBXBuildFile; fileRef = 4E7665A21BE720BB00C5C312 /* iu.jpg */; settings = {ASSET_TAGS = (); }; };
		4E7665A51BE720BB00C5C312 /* iu2.jpg in Resources */ = {isa = PBXBuildFile; fileRef = 4E7665A31BE720BB00C5C312 /* iu2.jpg */; settings = {ASSET_TAGS = (); }; };
		4E8EC9E91BDE33DE0058B957 /* ic_home_white_36pt.png in Resources */ = {isa = PBXBuildFile; fileRef = 4E8EC9E81BDE33DE0058B957 /* ic_home_white_36pt.png */; settings = {ASSET_TAGS = (); }; };
		4E8EC9EB1BDE34130058B957 /* ic_collections_white_36pt.png in Resources */ = {isa = PBXBuildFile; fileRef = 4E8EC9EA1BDE34130058B957 /* ic_collections_white_36pt.png */; settings = {ASSET_TAGS = (); }; };
		4E8EC9ED1BDE343E0058B957 /* ic_list_white_36pt.png in Resources */ = {isa = PBXBuildFile; fileRef = 4E8EC9EC1BDE343E0058B957 /* ic_list_white_36pt.png */; settings = {ASSET_TAGS = (); }; };
		4EBF3A8D1BD9D19200E37EEC /* YBCollectionViewWaterFallLayout.m in Sources */ = {isa = PBXBuildFile; fileRef = 4EBF3A8C1BD9D19200E37EEC /* YBCollectionViewWaterFallLayout.m */; settings = {ASSET_TAGS = (); }; };
		4EBF3A901BDA116600E37EEC /* YBSegmentedControl.m in Sources */ = {isa = PBXBuildFile; fileRef = 4EBF3A8F1BDA116600E37EEC /* YBSegmentedControl.m */; settings = {ASSET_TAGS = (); }; };
/* End PBXBuildFile section */

/* Begin PBXContainerItemProxy section */
		4E3EC3161BBD105700C73CFE /* PBXContainerItemProxy */ = {
			isa = PBXContainerItemProxy;
			containerPortal = 4E3EC2F41BBD105700C73CFE /* Project object */;
			proxyType = 1;
			remoteGlobalIDString = 4E3EC2FB1BBD105700C73CFE;
			remoteInfo = Kumdo;
		};
		4E3EC3211BBD105700C73CFE /* PBXContainerItemProxy */ = {
			isa = PBXContainerItemProxy;
			containerPortal = 4E3EC2F41BBD105700C73CFE /* Project object */;
			proxyType = 1;
			remoteGlobalIDString = 4E3EC2FB1BBD105700C73CFE;
			remoteInfo = Kumdo;
		};
/* End PBXContainerItemProxy section */

/* Begin PBXFileReference section */
		4E18528F1BCC91C6000F1818 /* ic_home_white.png */ = {isa = PBXFileReference; lastKnownFileType = image.png; name = ic_home_white.png; path = ../../../../../Downloads/icon/ic_home_white_24dp/ios/ic_home_white.imageset/ic_home_white.png; sourceTree = "<group>"; };
		4E1852911BCC91DB000F1818 /* ic_list_white.png */ = {isa = PBXFileReference; lastKnownFileType = image.png; name = ic_list_white.png; path = ../../../../../Downloads/icon/ic_list_white_24dp/ios/ic_list_white.imageset/ic_list_white.png; sourceTree = "<group>"; };
		4E1852931BCC91EC000F1818 /* ic_collections_white.png */ = {isa = PBXFileReference; lastKnownFileType = image.png; name = ic_collections_white.png; path = ../../../../../Downloads/icon/ic_collections_white_24dp/ios/ic_collections_white.imageset/ic_collections_white.png; sourceTree = "<group>"; };
		4E1852951BCC91FB000F1818 /* ic_create_white.png */ = {isa = PBXFileReference; lastKnownFileType = image.png; name = ic_create_white.png; path = ../../../../../Downloads/icon/ic_create_white_24dp/ios/ic_create_white.imageset/ic_create_white.png; sourceTree = "<group>"; };
		4E1852971BCC92F4000F1818 /* ic_create_white_2x.png */ = {isa = PBXFileReference; lastKnownFileType = image.png; name = ic_create_white_2x.png; path = ../../../../../Downloads/icon/ic_create_white_24dp/ios/ic_create_white.imageset/ic_create_white_2x.png; sourceTree = "<group>"; };
		4E1852991BCC9303000F1818 /* ic_home_white_2x.png */ = {isa = PBXFileReference; lastKnownFileType = image.png; name = ic_home_white_2x.png; path = ../../../../../Downloads/icon/ic_home_white_24dp/ios/ic_home_white.imageset/ic_home_white_2x.png; sourceTree = "<group>"; };
		4E18529B1BCC9312000F1818 /* ic_list_white_2x.png */ = {isa = PBXFileReference; lastKnownFileType = image.png; name = ic_list_white_2x.png; path = ../../../../../Downloads/icon/ic_list_white_24dp/ios/ic_list_white.imageset/ic_list_white_2x.png; sourceTree = "<group>"; };
		4E18529D1BCC9327000F1818 /* ic_collections_white_2x.png */ = {isa = PBXFileReference; lastKnownFileType = image.png; name = ic_collections_white_2x.png; path = ../../../../../Downloads/icon/ic_collections_white_24dp/ios/ic_collections_white.imageset/ic_collections_white_2x.png; sourceTree = "<group>"; };
		4E18529F1BCDE76F000F1818 /* ic_save_white.png */ = {isa = PBXFileReference; lastKnownFileType = image.png; name = ic_save_white.png; path = ../../../../../Downloads/icon/ic_save_white_24dp/ios/ic_save_white.imageset/ic_save_white.png; sourceTree = "<group>"; };
		4E1852A11BCDEBE2000F1818 /* ic_arrow_back_white_36pt.png */ = {isa = PBXFileReference; lastKnownFileType = image.png; name = ic_arrow_back_white_36pt.png; path = ../../../../../Downloads/icon/ic_arrow_back_white_36dp/ios/ic_arrow_back_white_36pt.imageset/ic_arrow_back_white_36pt.png; sourceTree = "<group>"; };
		4E1852A31BCDEC2E000F1818 /* ic_save_white_36pt.png */ = {isa = PBXFileReference; lastKnownFileType = image.png; name = ic_save_white_36pt.png; path = ../../../../../Downloads/icon/ic_save_white_36dp/ios/ic_save_white_36pt.imageset/ic_save_white_36pt.png; sourceTree = "<group>"; };
		4E1852A51BCDF36A000F1818 /* ic_image_48pt.png */ = {isa = PBXFileReference; lastKnownFileType = image.png; name = ic_image_48pt.png; path = ../../../../../Downloads/icon/ic_image_black_48dp/ios/ic_image_48pt.imageset/ic_image_48pt.png; sourceTree = "<group>"; };
		4E1852AC1BCE11D7000F1818 /* NaverAuth.bundle */ = {isa = PBXFileReference; lastKnownFileType = "wrapper.plug-in"; path = NaverAuth.bundle; sourceTree = "<group>"; };
		4E1852AE1BCE11D7000F1818 /* libNaverLogin.a */ = {isa = PBXFileReference; lastKnownFileType = archive.ar; path = libNaverLogin.a; sourceTree = "<group>"; };
		4E1852AF1BCE11D7000F1818 /* NaverThirdPartyConstantsForApp.h */ = {isa = PBXFileReference; fileEncoding = 4; lastKnownFileType = sourcecode.c.h; path = NaverThirdPartyConstantsForApp.h; sourceTree = "<group>"; };
		4E1852B01BCE11D7000F1818 /* NaverThirdPartyLoginConnection.h */ = {isa = PBXFileReference; fileEncoding = 4; lastKnownFileType = sourcecode.c.h; path = NaverThirdPartyLoginConnection.h; sourceTree = "<group>"; };
		4E1852B11BCE11D7000F1818 /* NLoginThirdPartyOAuth20InAppBrowserViewController.h */ = {isa = PBXFileReference; fileEncoding = 4; lastKnownFileType = sourcecode.c.h; path = NLoginThirdPartyOAuth20InAppBrowserViewController.h; sourceTree = "<group>"; };
		4E1852B21BCE11D7000F1818 /* NLoginThirdPartyOAuth20InAppBrowserViewController.m */ = {isa = PBXFileReference; fileEncoding = 4; lastKnownFileType = sourcecode.c.objc; path = NLoginThirdPartyOAuth20InAppBrowserViewController.m; sourceTree = "<group>"; };
		4E18532C1BD0D118000F1818 /* BestCollectionViewController.h */ = {isa = PBXFileReference; fileEncoding = 4; lastKnownFileType = sourcecode.c.h; path = BestCollectionViewController.h; sourceTree = "<group>"; };
		4E18532D1BD0D118000F1818 /* BestCollectionViewController.m */ = {isa = PBXFileReference; fileEncoding = 4; lastKnownFileType = sourcecode.c.objc; path = BestCollectionViewController.m; sourceTree = "<group>"; };
		4E18532F1BD0D126000F1818 /* CategoryViewController.h */ = {isa = PBXFileReference; fileEncoding = 4; lastKnownFileType = sourcecode.c.h; path = CategoryViewController.h; sourceTree = "<group>"; };
		4E1853301BD0D126000F1818 /* CategoryViewController.m */ = {isa = PBXFileReference; fileEncoding = 4; lastKnownFileType = sourcecode.c.objc; path = CategoryViewController.m; sourceTree = "<group>"; };
		4E1853321BD0D131000F1818 /* MyListViewController.h */ = {isa = PBXFileReference; fileEncoding = 4; lastKnownFileType = sourcecode.c.h; path = MyListViewController.h; sourceTree = "<group>"; };
		4E1853331BD0D131000F1818 /* MyListViewController.m */ = {isa = PBXFileReference; fileEncoding = 4; lastKnownFileType = sourcecode.c.objc; path = MyListViewController.m; sourceTree = "<group>"; };
		4E1853351BD0D183000F1818 /* adventure.jpg */ = {isa = PBXFileReference; lastKnownFileType = image.jpeg; name = adventure.jpg; path = ../../../../sample/adventure.jpg; sourceTree = "<group>"; };
		4E1853361BD0D183000F1818 /* family.jpg */ = {isa = PBXFileReference; lastKnownFileType = image.jpeg; name = family.jpg; path = ../../../../sample/family.jpg; sourceTree = "<group>"; };
		4E1853371BD0D183000F1818 /* friend.jpg */ = {isa = PBXFileReference; lastKnownFileType = image.jpeg; name = friend.jpg; path = ../../../../sample/friend.jpg; sourceTree = "<group>"; };
		4E1853381BD0D183000F1818 /* romance.jpg */ = {isa = PBXFileReference; lastKnownFileType = image.jpeg; name = romance.jpg; path = ../../../../sample/romance.jpg; sourceTree = "<group>"; };
		4E1853521BD0ED20000F1818 /* CategoryViewCell.h */ = {isa = PBXFileReference; fileEncoding = 4; lastKnownFileType = sourcecode.c.h; path = CategoryViewCell.h; sourceTree = "<group>"; };
		4E1853531BD0ED20000F1818 /* CategoryViewCell.m */ = {isa = PBXFileReference; fileEncoding = 4; lastKnownFileType = sourcecode.c.objc; path = CategoryViewCell.m; sourceTree = "<group>"; };
		4E2B6A611BE9E42C00244941 /* YBWaterFallViewCell.h */ = {isa = PBXFileReference; fileEncoding = 4; lastKnownFileType = sourcecode.c.h; path = YBWaterFallViewCell.h; sourceTree = "<group>"; };
		4E2B6A621BE9E42C00244941 /* YBWaterFallViewCell.m */ = {isa = PBXFileReference; fileEncoding = 4; lastKnownFileType = sourcecode.c.objc; path = YBWaterFallViewCell.m; sourceTree = "<group>"; };
		4E3EC2FC1BBD105700C73CFE /* Kumdo.app */ = {isa = PBXFileReference; explicitFileType = wrapper.application; includeInIndex = 0; path = Kumdo.app; sourceTree = BUILT_PRODUCTS_DIR; };
		4E3EC3001BBD105700C73CFE /* main.m */ = {isa = PBXFileReference; lastKnownFileType = sourcecode.c.objc; path = main.m; sourceTree = "<group>"; };
		4E3EC3021BBD105700C73CFE /* AppDelegate.h */ = {isa = PBXFileReference; lastKnownFileType = sourcecode.c.h; path = AppDelegate.h; sourceTree = "<group>"; };
		4E3EC3031BBD105700C73CFE /* AppDelegate.m */ = {isa = PBXFileReference; lastKnownFileType = sourcecode.c.objc; path = AppDelegate.m; sourceTree = "<group>"; };
		4E3EC3091BBD105700C73CFE /* Base */ = {isa = PBXFileReference; lastKnownFileType = file.storyboard; name = Base; path = Base.lproj/Main.storyboard; sourceTree = "<group>"; };
		4E3EC30B1BBD105700C73CFE /* Assets.xcassets */ = {isa = PBXFileReference; lastKnownFileType = folder.assetcatalog; path = Assets.xcassets; sourceTree = "<group>"; };
		4E3EC30E1BBD105700C73CFE /* Base */ = {isa = PBXFileReference; lastKnownFileType = file.storyboard; name = Base; path = Base.lproj/LaunchScreen.storyboard; sourceTree = "<group>"; };
		4E3EC3101BBD105700C73CFE /* Info.plist */ = {isa = PBXFileReference; lastKnownFileType = text.plist.xml; path = Info.plist; sourceTree = "<group>"; };
		4E3EC3151BBD105700C73CFE /* KumdoTests.xctest */ = {isa = PBXFileReference; explicitFileType = wrapper.cfbundle; includeInIndex = 0; path = KumdoTests.xctest; sourceTree = BUILT_PRODUCTS_DIR; };
		4E3EC3191BBD105700C73CFE /* KumdoTests.m */ = {isa = PBXFileReference; lastKnownFileType = sourcecode.c.objc; path = KumdoTests.m; sourceTree = "<group>"; };
		4E3EC31B1BBD105700C73CFE /* Info.plist */ = {isa = PBXFileReference; lastKnownFileType = text.plist.xml; path = Info.plist; sourceTree = "<group>"; };
		4E3EC3201BBD105700C73CFE /* KumdoUITests.xctest */ = {isa = PBXFileReference; explicitFileType = wrapper.cfbundle; includeInIndex = 0; path = KumdoUITests.xctest; sourceTree = BUILT_PRODUCTS_DIR; };
		4E3EC3241BBD105700C73CFE /* KumdoUITests.m */ = {isa = PBXFileReference; lastKnownFileType = sourcecode.c.objc; path = KumdoUITests.m; sourceTree = "<group>"; };
		4E3EC3261BBD105700C73CFE /* Info.plist */ = {isa = PBXFileReference; lastKnownFileType = text.plist.xml; path = Info.plist; sourceTree = "<group>"; };
		4E6688971BCB87F600D25A7C /* WriteViewController.h */ = {isa = PBXFileReference; fileEncoding = 4; lastKnownFileType = sourcecode.c.h; path = WriteViewController.h; sourceTree = "<group>"; };
		4E6688981BCB87F600D25A7C /* WriteViewController.m */ = {isa = PBXFileReference; fileEncoding = 4; lastKnownFileType = sourcecode.c.objc; path = WriteViewController.m; sourceTree = "<group>"; };
		4E66889A1BCB880600D25A7C /* DetailViewController.h */ = {isa = PBXFileReference; fileEncoding = 4; lastKnownFileType = sourcecode.c.h; path = DetailViewController.h; sourceTree = "<group>"; };
		4E66889B1BCB880600D25A7C /* DetailViewController.m */ = {isa = PBXFileReference; fileEncoding = 4; lastKnownFileType = sourcecode.c.objc; path = DetailViewController.m; sourceTree = "<group>"; };
		4E66889D1BCB882200D25A7C /* SnsLoginViewController.h */ = {isa = PBXFileReference; fileEncoding = 4; lastKnownFileType = sourcecode.c.h; path = SnsLoginViewController.h; sourceTree = "<group>"; };
		4E66889E1BCB882200D25A7C /* SnsLoginViewController.m */ = {isa = PBXFileReference; fileEncoding = 4; lastKnownFileType = sourcecode.c.objc; path = SnsLoginViewController.m; sourceTree = "<group>"; };
		4E6688A01BCB883B00D25A7C /* MenuViewController.h */ = {isa = PBXFileReference; fileEncoding = 4; lastKnownFileType = sourcecode.c.h; path = MenuViewController.h; sourceTree = "<group>"; };
		4E6688A11BCB883B00D25A7C /* MenuViewController.m */ = {isa = PBXFileReference; fileEncoding = 4; lastKnownFileType = sourcecode.c.objc; path = MenuViewController.m; sourceTree = "<group>"; };
		4E6C8D341BE72B7C00F9964F /* YBFlowContentView.h */ = {isa = PBXFileReference; fileEncoding = 4; lastKnownFileType = sourcecode.c.h; path = YBFlowContentView.h; sourceTree = "<group>"; };
		4E6C8D351BE72B7C00F9964F /* YBFlowContentView.m */ = {isa = PBXFileReference; fileEncoding = 4; lastKnownFileType = sourcecode.c.objc; path = YBFlowContentView.m; sourceTree = "<group>"; };
		4E6D92C11BE060F20061CBA6 /* YBCollectionViewCell.h */ = {isa = PBXFileReference; fileEncoding = 4; lastKnownFileType = sourcecode.c.h; path = YBCollectionViewCell.h; sourceTree = "<group>"; };
		4E6D92C21BE060F20061CBA6 /* YBCollectionViewCell.m */ = {isa = PBXFileReference; fileEncoding = 4; lastKnownFileType = sourcecode.c.objc; path = YBCollectionViewCell.m; sourceTree = "<group>"; };
		4E72BA241BD47D8000068B57 /* YBWriting.h */ = {isa = PBXFileReference; fileEncoding = 4; lastKnownFileType = sourcecode.c.h; path = YBWriting.h; sourceTree = "<group>"; };
		4E72BA251BD47D8000068B57 /* YBWriting.m */ = {isa = PBXFileReference; fileEncoding = 4; lastKnownFileType = sourcecode.c.objc; path = YBWriting.m; sourceTree = "<group>"; };
		4E72BA2A1BD4975900068B57 /* CategoryCollectionViewController.h */ = {isa = PBXFileReference; fileEncoding = 4; lastKnownFileType = sourcecode.c.h; path = CategoryCollectionViewController.h; sourceTree = "<group>"; };
		4E72BA2B1BD4975900068B57 /* CategoryCollectionViewController.m */ = {isa = PBXFileReference; fileEncoding = 4; lastKnownFileType = sourcecode.c.objc; path = CategoryCollectionViewController.m; sourceTree = "<group>"; };
		4E72BA2D1BD4BFD200068B57 /* YBCategory.h */ = {isa = PBXFileReference; fileEncoding = 4; lastKnownFileType = sourcecode.c.h; path = YBCategory.h; sourceTree = "<group>"; };
		4E72BA2E1BD4BFD200068B57 /* YBCategory.m */ = {isa = PBXFileReference; fileEncoding = 4; lastKnownFileType = sourcecode.c.objc; path = YBCategory.m; sourceTree = "<group>"; };
		4E743B991BD5D25C009CBF99 /* YBUser.h */ = {isa = PBXFileReference; fileEncoding = 4; lastKnownFileType = sourcecode.c.h; path = YBUser.h; sourceTree = "<group>"; };
		4E743B9A1BD5D25C009CBF99 /* YBUser.m */ = {isa = PBXFileReference; fileEncoding = 4; lastKnownFileType = sourcecode.c.objc; path = YBUser.m; sourceTree = "<group>"; };
		4E743B9C1BD600D7009CBF99 /* YBWordDictionary.h */ = {isa = PBXFileReference; fileEncoding = 4; lastKnownFileType = sourcecode.c.h; path = YBWordDictionary.h; sourceTree = "<group>"; };
		4E743B9D1BD600D7009CBF99 /* YBWordDictionary.m */ = {isa = PBXFileReference; fileEncoding = 4; lastKnownFileType = sourcecode.c.objc; path = YBWordDictionary.m; sourceTree = "<group>"; };
		4E743BA61BD628B5009CBF99 /* FlowContentViewController.h */ = {isa = PBXFileReference; fileEncoding = 4; lastKnownFileType = sourcecode.c.h; path = FlowContentViewController.h; sourceTree = "<group>"; };
		4E743BA71BD628B5009CBF99 /* FlowContentViewController.m */ = {isa = PBXFileReference; fileEncoding = 4; lastKnownFileType = sourcecode.c.objc; path = FlowContentViewController.m; sourceTree = "<group>"; };
		4E76659C1BE720B100C5C312 /* boyoung.jpg */ = {isa = PBXFileReference; lastKnownFileType = image.jpeg; name = boyoung.jpg; path = ../../../../sample/boyoung.jpg; sourceTree = "<group>"; };
		4E76659D1BE720B100C5C312 /* boyoung2.jpg */ = {isa = PBXFileReference; lastKnownFileType = image.jpeg; name = boyoung2.jpg; path = ../../../../sample/boyoung2.jpg; sourceTree = "<group>"; };
		4E76659E1BE720B100C5C312 /* boyoung3.jpg */ = {isa = PBXFileReference; lastKnownFileType = image.jpeg; name = boyoung3.jpg; path = ../../../../sample/boyoung3.jpg; sourceTree = "<group>"; };
		4E7665A21BE720BB00C5C312 /* iu.jpg */ = {isa = PBXFileReference; lastKnownFileType = image.jpeg; name = iu.jpg; path = ../../../../sample/iu.jpg; sourceTree = "<group>"; };
		4E7665A31BE720BB00C5C312 /* iu2.jpg */ = {isa = PBXFileReference; lastKnownFileType = image.jpeg; name = iu2.jpg; path = ../../../../sample/iu2.jpg; sourceTree = "<group>"; };
		4E8EC9E81BDE33DE0058B957 /* ic_home_white_36pt.png */ = {isa = PBXFileReference; lastKnownFileType = image.png; name = ic_home_white_36pt.png; path = ../../../../../Downloads/icon/ic_home_white_36dp/ios/ic_home_white_36pt.imageset/ic_home_white_36pt.png; sourceTree = "<group>"; };
		4E8EC9EA1BDE34130058B957 /* ic_collections_white_36pt.png */ = {isa = PBXFileReference; lastKnownFileType = image.png; name = ic_collections_white_36pt.png; path = ../../../../../Downloads/icon/ic_collections_white_36dp/ios/ic_collections_white_36pt.imageset/ic_collections_white_36pt.png; sourceTree = "<group>"; };
		4E8EC9EC1BDE343E0058B957 /* ic_list_white_36pt.png */ = {isa = PBXFileReference; lastKnownFileType = image.png; name = ic_list_white_36pt.png; path = ../../../../../Downloads/icon/ic_list_white_36dp/ios/ic_list_white_36pt.imageset/ic_list_white_36pt.png; sourceTree = "<group>"; };
		4EBF3A8B1BD9D19200E37EEC /* YBCollectionViewWaterFallLayout.h */ = {isa = PBXFileReference; fileEncoding = 4; lastKnownFileType = sourcecode.c.h; path = YBCollectionViewWaterFallLayout.h; sourceTree = "<group>"; };
		4EBF3A8C1BD9D19200E37EEC /* YBCollectionViewWaterFallLayout.m */ = {isa = PBXFileReference; fileEncoding = 4; lastKnownFileType = sourcecode.c.objc; path = YBCollectionViewWaterFallLayout.m; sourceTree = "<group>"; };
		4EBF3A8E1BDA116600E37EEC /* YBSegmentedControl.h */ = {isa = PBXFileReference; fileEncoding = 4; lastKnownFileType = sourcecode.c.h; path = YBSegmentedControl.h; sourceTree = "<group>"; };
		4EBF3A8F1BDA116600E37EEC /* YBSegmentedControl.m */ = {isa = PBXFileReference; fileEncoding = 4; lastKnownFileType = sourcecode.c.objc; path = YBSegmentedControl.m; sourceTree = "<group>"; };
/* End PBXFileReference section */

/* Begin PBXFrameworksBuildPhase section */
		4E3EC2F91BBD105700C73CFE /* Frameworks */ = {
			isa = PBXFrameworksBuildPhase;
			buildActionMask = 2147483647;
			files = (
				4E1852B41BCE11D7000F1818 /* libNaverLogin.a in Frameworks */,
			);
			runOnlyForDeploymentPostprocessing = 0;
		};
		4E3EC3121BBD105700C73CFE /* Frameworks */ = {
			isa = PBXFrameworksBuildPhase;
			buildActionMask = 2147483647;
			files = (
			);
			runOnlyForDeploymentPostprocessing = 0;
		};
		4E3EC31D1BBD105700C73CFE /* Frameworks */ = {
			isa = PBXFrameworksBuildPhase;
			buildActionMask = 2147483647;
			files = (
			);
			runOnlyForDeploymentPostprocessing = 0;
		};
/* End PBXFrameworksBuildPhase section */

/* Begin PBXGroup section */
		4E1852AA1BCE0212000F1818 /* icon */ = {
			isa = PBXGroup;
			children = (
				4E1852A51BCDF36A000F1818 /* ic_image_48pt.png */,
				4E1852A31BCDEC2E000F1818 /* ic_save_white_36pt.png */,
				4E1852A11BCDEBE2000F1818 /* ic_arrow_back_white_36pt.png */,
				4E18529F1BCDE76F000F1818 /* ic_save_white.png */,
				4E18529D1BCC9327000F1818 /* ic_collections_white_2x.png */,
				4E8EC9EA1BDE34130058B957 /* ic_collections_white_36pt.png */,
				4E18529B1BCC9312000F1818 /* ic_list_white_2x.png */,
				4E1852991BCC9303000F1818 /* ic_home_white_2x.png */,
				4E8EC9E81BDE33DE0058B957 /* ic_home_white_36pt.png */,
				4E1852971BCC92F4000F1818 /* ic_create_white_2x.png */,
				4E1852951BCC91FB000F1818 /* ic_create_white.png */,
				4E1852931BCC91EC000F1818 /* ic_collections_white.png */,
				4E1852911BCC91DB000F1818 /* ic_list_white.png */,
				4E8EC9EC1BDE343E0058B957 /* ic_list_white_36pt.png */,
				4E18528F1BCC91C6000F1818 /* ic_home_white.png */,
			);
			name = icon;
			sourceTree = "<group>";
		};
		4E1852AB1BCE11D7000F1818 /* Resources */ = {
			isa = PBXGroup;
			children = (
				4E1852AC1BCE11D7000F1818 /* NaverAuth.bundle */,
			);
			path = Resources;
			sourceTree = "<group>";
		};
		4E1852AD1BCE11D7000F1818 /* thirdPartyModule */ = {
			isa = PBXGroup;
			children = (
				4E1852AE1BCE11D7000F1818 /* libNaverLogin.a */,
				4E1852AF1BCE11D7000F1818 /* NaverThirdPartyConstantsForApp.h */,
				4E1852B01BCE11D7000F1818 /* NaverThirdPartyLoginConnection.h */,
				4E1852B11BCE11D7000F1818 /* NLoginThirdPartyOAuth20InAppBrowserViewController.h */,
				4E1852B21BCE11D7000F1818 /* NLoginThirdPartyOAuth20InAppBrowserViewController.m */,
			);
			path = thirdPartyModule;
			sourceTree = "<group>";
		};
		4E18534D1BD0D193000F1818 /* images */ = {
			isa = PBXGroup;
			children = (
				4E1853351BD0D183000F1818 /* adventure.jpg */,
				4E1853361BD0D183000F1818 /* family.jpg */,
				4E1853371BD0D183000F1818 /* friend.jpg */,
				4E1853381BD0D183000F1818 /* romance.jpg */,
			);
			name = images;
			sourceTree = "<group>";
		};
		4E18534E1BD0D199000F1818 /* sample */ = {
			isa = PBXGroup;
			children = (
				4E7665A21BE720BB00C5C312 /* iu.jpg */,
				4E7665A31BE720BB00C5C312 /* iu2.jpg */,
				4E76659C1BE720B100C5C312 /* boyoung.jpg */,
				4E76659D1BE720B100C5C312 /* boyoung2.jpg */,
				4E76659E1BE720B100C5C312 /* boyoung3.jpg */,
			);
			name = sample;
			sourceTree = "<group>";
		};
		4E3EC2F31BBD105700C73CFE = {
			isa = PBXGroup;
			children = (
				4E3EC2FE1BBD105700C73CFE /* Kumdo */,
				4E3EC3181BBD105700C73CFE /* KumdoTests */,
				4E3EC3231BBD105700C73CFE /* KumdoUITests */,
				4E3EC2FD1BBD105700C73CFE /* Products */,
			);
			sourceTree = "<group>";
		};
		4E3EC2FD1BBD105700C73CFE /* Products */ = {
			isa = PBXGroup;
			children = (
				4E3EC2FC1BBD105700C73CFE /* Kumdo.app */,
				4E3EC3151BBD105700C73CFE /* KumdoTests.xctest */,
				4E3EC3201BBD105700C73CFE /* KumdoUITests.xctest */,
			);
			name = Products;
			sourceTree = "<group>";
		};
		4E3EC2FE1BBD105700C73CFE /* Kumdo */ = {
			isa = PBXGroup;
			children = (
				4E72BA231BD47D6C00068B57 /* model */,
				4E18534E1BD0D199000F1818 /* sample */,
				4E18534D1BD0D193000F1818 /* images */,
				4E1852AB1BCE11D7000F1818 /* Resources */,
				4E1852AD1BCE11D7000F1818 /* thirdPartyModule */,
				4E1852AA1BCE0212000F1818 /* icon */,
				4E3EC3021BBD105700C73CFE /* AppDelegate.h */,
				4E3EC3031BBD105700C73CFE /* AppDelegate.m */,
				4E3EC3081BBD105700C73CFE /* Main.storyboard */,
				4E3EC30B1BBD105700C73CFE /* Assets.xcassets */,
				4E3EC30D1BBD105700C73CFE /* LaunchScreen.storyboard */,
				4E3EC3101BBD105700C73CFE /* Info.plist */,
				4E3EC2FF1BBD105700C73CFE /* Supporting Files */,
				4E66889D1BCB882200D25A7C /* SnsLoginViewController.h */,
				4E66889E1BCB882200D25A7C /* SnsLoginViewController.m */,
				4E6688A01BCB883B00D25A7C /* MenuViewController.h */,
				4E6688A11BCB883B00D25A7C /* MenuViewController.m */,
				4E18532C1BD0D118000F1818 /* BestCollectionViewController.h */,
				4E18532D1BD0D118000F1818 /* BestCollectionViewController.m */,
				4E6D92C11BE060F20061CBA6 /* YBCollectionViewCell.h */,
				4E6D92C21BE060F20061CBA6 /* YBCollectionViewCell.m */,
				4E18532F1BD0D126000F1818 /* CategoryViewController.h */,
				4E1853301BD0D126000F1818 /* CategoryViewController.m */,
				4E1853521BD0ED20000F1818 /* CategoryViewCell.h */,
				4E1853531BD0ED20000F1818 /* CategoryViewCell.m */,
				4E72BA2A1BD4975900068B57 /* CategoryCollectionViewController.h */,
				4E72BA2B1BD4975900068B57 /* CategoryCollectionViewController.m */,
				4E1853321BD0D131000F1818 /* MyListViewController.h */,
				4E1853331BD0D131000F1818 /* MyListViewController.m */,
				4E6688971BCB87F600D25A7C /* WriteViewController.h */,
				4E6688981BCB87F600D25A7C /* WriteViewController.m */,
				4E66889A1BCB880600D25A7C /* DetailViewController.h */,
				4E66889B1BCB880600D25A7C /* DetailViewController.m */,
				4E743BA61BD628B5009CBF99 /* FlowContentViewController.h */,
				4E743BA71BD628B5009CBF99 /* FlowContentViewController.m */,
				4EBF3A8B1BD9D19200E37EEC /* YBCollectionViewWaterFallLayout.h */,
				4EBF3A8C1BD9D19200E37EEC /* YBCollectionViewWaterFallLayout.m */,
				4EBF3A8E1BDA116600E37EEC /* YBSegmentedControl.h */,
				4EBF3A8F1BDA116600E37EEC /* YBSegmentedControl.m */,
				4E6C8D341BE72B7C00F9964F /* YBFlowContentView.h */,
				4E6C8D351BE72B7C00F9964F /* YBFlowContentView.m */,
				4E2B6A611BE9E42C00244941 /* YBWaterFallViewCell.h */,
				4E2B6A621BE9E42C00244941 /* YBWaterFallViewCell.m */,
			);
			path = Kumdo;
			sourceTree = "<group>";
		};
		4E3EC2FF1BBD105700C73CFE /* Supporting Files */ = {
			isa = PBXGroup;
			children = (
				4E3EC3001BBD105700C73CFE /* main.m */,
			);
			name = "Supporting Files";
			sourceTree = "<group>";
		};
		4E3EC3181BBD105700C73CFE /* KumdoTests */ = {
			isa = PBXGroup;
			children = (
				4E3EC3191BBD105700C73CFE /* KumdoTests.m */,
				4E3EC31B1BBD105700C73CFE /* Info.plist */,
			);
			path = KumdoTests;
			sourceTree = "<group>";
		};
		4E3EC3231BBD105700C73CFE /* KumdoUITests */ = {
			isa = PBXGroup;
			children = (
				4E3EC3241BBD105700C73CFE /* KumdoUITests.m */,
				4E3EC3261BBD105700C73CFE /* Info.plist */,
			);
			path = KumdoUITests;
			sourceTree = "<group>";
		};
		4E72BA231BD47D6C00068B57 /* model */ = {
			isa = PBXGroup;
			children = (
				4E72BA241BD47D8000068B57 /* YBWriting.h */,
				4E72BA251BD47D8000068B57 /* YBWriting.m */,
				4E72BA2D1BD4BFD200068B57 /* YBCategory.h */,
				4E72BA2E1BD4BFD200068B57 /* YBCategory.m */,
				4E743B991BD5D25C009CBF99 /* YBUser.h */,
				4E743B9A1BD5D25C009CBF99 /* YBUser.m */,
				4E743B9C1BD600D7009CBF99 /* YBWordDictionary.h */,
				4E743B9D1BD600D7009CBF99 /* YBWordDictionary.m */,
			);
			name = model;
			sourceTree = "<group>";
		};
/* End PBXGroup section */

/* Begin PBXNativeTarget section */
		4E3EC2FB1BBD105700C73CFE /* Kumdo */ = {
			isa = PBXNativeTarget;
			buildConfigurationList = 4E3EC3291BBD105700C73CFE /* Build configuration list for PBXNativeTarget "Kumdo" */;
			buildPhases = (
				4E3EC2F81BBD105700C73CFE /* Sources */,
				4E3EC2F91BBD105700C73CFE /* Frameworks */,
				4E3EC2FA1BBD105700C73CFE /* Resources */,
			);
			buildRules = (
			);
			dependencies = (
			);
			name = Kumdo;
			productName = Kumdo;
			productReference = 4E3EC2FC1BBD105700C73CFE /* Kumdo.app */;
			productType = "com.apple.product-type.application";
		};
		4E3EC3141BBD105700C73CFE /* KumdoTests */ = {
			isa = PBXNativeTarget;
			buildConfigurationList = 4E3EC32C1BBD105700C73CFE /* Build configuration list for PBXNativeTarget "KumdoTests" */;
			buildPhases = (
				4E3EC3111BBD105700C73CFE /* Sources */,
				4E3EC3121BBD105700C73CFE /* Frameworks */,
				4E3EC3131BBD105700C73CFE /* Resources */,
			);
			buildRules = (
			);
			dependencies = (
				4E3EC3171BBD105700C73CFE /* PBXTargetDependency */,
			);
			name = KumdoTests;
			productName = KumdoTests;
			productReference = 4E3EC3151BBD105700C73CFE /* KumdoTests.xctest */;
			productType = "com.apple.product-type.bundle.unit-test";
		};
		4E3EC31F1BBD105700C73CFE /* KumdoUITests */ = {
			isa = PBXNativeTarget;
			buildConfigurationList = 4E3EC32F1BBD105700C73CFE /* Build configuration list for PBXNativeTarget "KumdoUITests" */;
			buildPhases = (
				4E3EC31C1BBD105700C73CFE /* Sources */,
				4E3EC31D1BBD105700C73CFE /* Frameworks */,
				4E3EC31E1BBD105700C73CFE /* Resources */,
			);
			buildRules = (
			);
			dependencies = (
				4E3EC3221BBD105700C73CFE /* PBXTargetDependency */,
			);
			name = KumdoUITests;
			productName = KumdoUITests;
			productReference = 4E3EC3201BBD105700C73CFE /* KumdoUITests.xctest */;
			productType = "com.apple.product-type.bundle.ui-testing";
		};
/* End PBXNativeTarget section */

/* Begin PBXProject section */
		4E3EC2F41BBD105700C73CFE /* Project object */ = {
			isa = PBXProject;
			attributes = {
				LastUpgradeCheck = 0700;
				ORGANIZATIONNAME = "Jang Young bin";
				TargetAttributes = {
					4E3EC2FB1BBD105700C73CFE = {
						CreatedOnToolsVersion = 7.0;
					};
					4E3EC3141BBD105700C73CFE = {
						CreatedOnToolsVersion = 7.0;
						TestTargetID = 4E3EC2FB1BBD105700C73CFE;
					};
					4E3EC31F1BBD105700C73CFE = {
						CreatedOnToolsVersion = 7.0;
						TestTargetID = 4E3EC2FB1BBD105700C73CFE;
					};
				};
			};
			buildConfigurationList = 4E3EC2F71BBD105700C73CFE /* Build configuration list for PBXProject "Kumdo" */;
			compatibilityVersion = "Xcode 3.2";
			developmentRegion = English;
			hasScannedForEncodings = 0;
			knownRegions = (
				en,
				Base,
			);
			mainGroup = 4E3EC2F31BBD105700C73CFE;
			productRefGroup = 4E3EC2FD1BBD105700C73CFE /* Products */;
			projectDirPath = "";
			projectRoot = "";
			targets = (
				4E3EC2FB1BBD105700C73CFE /* Kumdo */,
				4E3EC3141BBD105700C73CFE /* KumdoTests */,
				4E3EC31F1BBD105700C73CFE /* KumdoUITests */,
			);
		};
/* End PBXProject section */

/* Begin PBXResourcesBuildPhase section */
		4E3EC2FA1BBD105700C73CFE /* Resources */ = {
			isa = PBXResourcesBuildPhase;
			buildActionMask = 2147483647;
			files = (
				4E18529E1BCC9327000F1818 /* ic_collections_white_2x.png in Resources */,
				4E1852901BCC91C6000F1818 /* ic_home_white.png in Resources */,
				4E1852A01BCDE76F000F1818 /* ic_save_white.png in Resources */,
				4E7665A51BE720BB00C5C312 /* iu2.jpg in Resources */,
				4E18529C1BCC9312000F1818 /* ic_list_white_2x.png in Resources */,
				4E7665A11BE720B100C5C312 /* boyoung3.jpg in Resources */,
				4E1852A61BCDF36A000F1818 /* ic_image_48pt.png in Resources */,
				4E1852A21BCDEBE2000F1818 /* ic_arrow_back_white_36pt.png in Resources */,
				4E8EC9EB1BDE34130058B957 /* ic_collections_white_36pt.png in Resources */,
				4E18533B1BD0D183000F1818 /* friend.jpg in Resources */,
				4E1852B31BCE11D7000F1818 /* NaverAuth.bundle in Resources */,
				4E8EC9ED1BDE343E0058B957 /* ic_list_white_36pt.png in Resources */,
				4E8EC9E91BDE33DE0058B957 /* ic_home_white_36pt.png in Resources */,
				4E1852981BCC92F4000F1818 /* ic_create_white_2x.png in Resources */,
				4E1852941BCC91EC000F1818 /* ic_collections_white.png in Resources */,
				4E18529A1BCC9303000F1818 /* ic_home_white_2x.png in Resources */,
				4E18533C1BD0D183000F1818 /* romance.jpg in Resources */,
				4E1852921BCC91DB000F1818 /* ic_list_white.png in Resources */,
				4E18533A1BD0D183000F1818 /* family.jpg in Resources */,
				4E3EC30F1BBD105700C73CFE /* LaunchScreen.storyboard in Resources */,
				4E7665A41BE720BB00C5C312 /* iu.jpg in Resources */,
				4E3EC30C1BBD105700C73CFE /* Assets.xcassets in Resources */,
				4E1853391BD0D183000F1818 /* adventure.jpg in Resources */,
				4E3EC30A1BBD105700C73CFE /* Main.storyboard in Resources */,
				4E7665A01BE720B100C5C312 /* boyoung2.jpg in Resources */,
				4E76659F1BE720B100C5C312 /* boyoung.jpg in Resources */,
				4E1852961BCC91FB000F1818 /* ic_create_white.png in Resources */,
				4E1852A41BCDEC2E000F1818 /* ic_save_white_36pt.png in Resources */,
			);
			runOnlyForDeploymentPostprocessing = 0;
		};
		4E3EC3131BBD105700C73CFE /* Resources */ = {
			isa = PBXResourcesBuildPhase;
			buildActionMask = 2147483647;
			files = (
			);
			runOnlyForDeploymentPostprocessing = 0;
		};
		4E3EC31E1BBD105700C73CFE /* Resources */ = {
			isa = PBXResourcesBuildPhase;
			buildActionMask = 2147483647;
			files = (
			);
			runOnlyForDeploymentPostprocessing = 0;
		};
/* End PBXResourcesBuildPhase section */

/* Begin PBXSourcesBuildPhase section */
		4E3EC2F81BBD105700C73CFE /* Sources */ = {
			isa = PBXSourcesBuildPhase;
			buildActionMask = 2147483647;
			files = (
				4E743B9B1BD5D25C009CBF99 /* YBUser.m in Sources */,
				4E6688A21BCB883B00D25A7C /* MenuViewController.m in Sources */,
				4E6C8D361BE72B7C00F9964F /* YBFlowContentView.m in Sources */,
				4E66889C1BCB880600D25A7C /* DetailViewController.m in Sources */,
				4EBF3A901BDA116600E37EEC /* YBSegmentedControl.m in Sources */,
				4E72BA2F1BD4BFD200068B57 /* YBCategory.m in Sources */,
				4E18532E1BD0D118000F1818 /* BestCollectionViewController.m in Sources */,
				4E72BA261BD47D8000068B57 /* YBWriting.m in Sources */,
				4E1853541BD0ED20000F1818 /* CategoryViewCell.m in Sources */,
				4E3EC3041BBD105700C73CFE /* AppDelegate.m in Sources */,
				4E6D92C31BE060F20061CBA6 /* YBCollectionViewCell.m in Sources */,
				4E6688991BCB87F600D25A7C /* WriteViewController.m in Sources */,
				4E743BA81BD628B5009CBF99 /* FlowContentViewController.m in Sources */,
				4E1853311BD0D126000F1818 /* CategoryViewController.m in Sources */,
				4E66889F1BCB882200D25A7C /* SnsLoginViewController.m in Sources */,
				4E1852B51BCE11D7000F1818 /* NLoginThirdPartyOAuth20InAppBrowserViewController.m in Sources */,
				4E743B9E1BD600D7009CBF99 /* YBWordDictionary.m in Sources */,
				4EBF3A8D1BD9D19200E37EEC /* YBCollectionViewWaterFallLayout.m in Sources */,
				4E3EC3011BBD105700C73CFE /* main.m in Sources */,
				4E72BA2C1BD4975900068B57 /* CategoryCollectionViewController.m in Sources */,
				4E2B6A631BE9E42C00244941 /* YBWaterFallViewCell.m in Sources */,
				4E1853341BD0D131000F1818 /* MyListViewController.m in Sources */,
			);
			runOnlyForDeploymentPostprocessing = 0;
		};
		4E3EC3111BBD105700C73CFE /* Sources */ = {
			isa = PBXSourcesBuildPhase;
			buildActionMask = 2147483647;
			files = (
				4E3EC31A1BBD105700C73CFE /* KumdoTests.m in Sources */,
			);
			runOnlyForDeploymentPostprocessing = 0;
		};
		4E3EC31C1BBD105700C73CFE /* Sources */ = {
			isa = PBXSourcesBuildPhase;
			buildActionMask = 2147483647;
			files = (
				4E3EC3251BBD105700C73CFE /* KumdoUITests.m in Sources */,
			);
			runOnlyForDeploymentPostprocessing = 0;
		};
/* End PBXSourcesBuildPhase section */

/* Begin PBXTargetDependency section */
		4E3EC3171BBD105700C73CFE /* PBXTargetDependency */ = {
			isa = PBXTargetDependency;
			target = 4E3EC2FB1BBD105700C73CFE /* Kumdo */;
			targetProxy = 4E3EC3161BBD105700C73CFE /* PBXContainerItemProxy */;
		};
		4E3EC3221BBD105700C73CFE /* PBXTargetDependency */ = {
			isa = PBXTargetDependency;
			target = 4E3EC2FB1BBD105700C73CFE /* Kumdo */;
			targetProxy = 4E3EC3211BBD105700C73CFE /* PBXContainerItemProxy */;
		};
/* End PBXTargetDependency section */

/* Begin PBXVariantGroup section */
		4E3EC3081BBD105700C73CFE /* Main.storyboard */ = {
			isa = PBXVariantGroup;
			children = (
				4E3EC3091BBD105700C73CFE /* Base */,
			);
			name = Main.storyboard;
			sourceTree = "<group>";
		};
		4E3EC30D1BBD105700C73CFE /* LaunchScreen.storyboard */ = {
			isa = PBXVariantGroup;
			children = (
				4E3EC30E1BBD105700C73CFE /* Base */,
			);
			name = LaunchScreen.storyboard;
			sourceTree = "<group>";
		};
/* End PBXVariantGroup section */

/* Begin XCBuildConfiguration section */
		4E3EC3271BBD105700C73CFE /* Debug */ = {
			isa = XCBuildConfiguration;
			buildSettings = {
				ALWAYS_SEARCH_USER_PATHS = NO;
				CLANG_CXX_LANGUAGE_STANDARD = "gnu++0x";
				CLANG_CXX_LIBRARY = "libc++";
				CLANG_ENABLE_MODULES = YES;
				CLANG_ENABLE_OBJC_ARC = YES;
				CLANG_WARN_BOOL_CONVERSION = YES;
				CLANG_WARN_CONSTANT_CONVERSION = YES;
				CLANG_WARN_DIRECT_OBJC_ISA_USAGE = YES_ERROR;
				CLANG_WARN_EMPTY_BODY = YES;
				CLANG_WARN_ENUM_CONVERSION = YES;
				CLANG_WARN_INT_CONVERSION = YES;
				CLANG_WARN_OBJC_ROOT_CLASS = YES_ERROR;
				CLANG_WARN_UNREACHABLE_CODE = YES;
				CLANG_WARN__DUPLICATE_METHOD_MATCH = YES;
				"CODE_SIGN_IDENTITY[sdk=iphoneos*]" = "iPhone Developer";
				COPY_PHASE_STRIP = NO;
				DEBUG_INFORMATION_FORMAT = dwarf;
				ENABLE_STRICT_OBJC_MSGSEND = YES;
				ENABLE_TESTABILITY = YES;
				GCC_C_LANGUAGE_STANDARD = gnu99;
				GCC_DYNAMIC_NO_PIC = NO;
				GCC_NO_COMMON_BLOCKS = YES;
				GCC_OPTIMIZATION_LEVEL = 0;
				GCC_PREPROCESSOR_DEFINITIONS = (
					"DEBUG=1",
					"$(inherited)",
				);
				GCC_WARN_64_TO_32_BIT_CONVERSION = YES;
				GCC_WARN_ABOUT_RETURN_TYPE = YES_ERROR;
				GCC_WARN_UNDECLARED_SELECTOR = YES;
				GCC_WARN_UNINITIALIZED_AUTOS = YES_AGGRESSIVE;
				GCC_WARN_UNUSED_FUNCTION = YES;
				GCC_WARN_UNUSED_VARIABLE = YES;
				IPHONEOS_DEPLOYMENT_TARGET = 9.0;
				MTL_ENABLE_DEBUG_INFO = YES;
				ONLY_ACTIVE_ARCH = YES;
				SDKROOT = iphoneos;
			};
			name = Debug;
		};
		4E3EC3281BBD105700C73CFE /* Release */ = {
			isa = XCBuildConfiguration;
			buildSettings = {
				ALWAYS_SEARCH_USER_PATHS = NO;
				CLANG_CXX_LANGUAGE_STANDARD = "gnu++0x";
				CLANG_CXX_LIBRARY = "libc++";
				CLANG_ENABLE_MODULES = YES;
				CLANG_ENABLE_OBJC_ARC = YES;
				CLANG_WARN_BOOL_CONVERSION = YES;
				CLANG_WARN_CONSTANT_CONVERSION = YES;
				CLANG_WARN_DIRECT_OBJC_ISA_USAGE = YES_ERROR;
				CLANG_WARN_EMPTY_BODY = YES;
				CLANG_WARN_ENUM_CONVERSION = YES;
				CLANG_WARN_INT_CONVERSION = YES;
				CLANG_WARN_OBJC_ROOT_CLASS = YES_ERROR;
				CLANG_WARN_UNREACHABLE_CODE = YES;
				CLANG_WARN__DUPLICATE_METHOD_MATCH = YES;
				"CODE_SIGN_IDENTITY[sdk=iphoneos*]" = "iPhone Developer";
				COPY_PHASE_STRIP = NO;
				DEBUG_INFORMATION_FORMAT = "dwarf-with-dsym";
				ENABLE_NS_ASSERTIONS = NO;
				ENABLE_STRICT_OBJC_MSGSEND = YES;
				GCC_C_LANGUAGE_STANDARD = gnu99;
				GCC_NO_COMMON_BLOCKS = YES;
				GCC_WARN_64_TO_32_BIT_CONVERSION = YES;
				GCC_WARN_ABOUT_RETURN_TYPE = YES_ERROR;
				GCC_WARN_UNDECLARED_SELECTOR = YES;
				GCC_WARN_UNINITIALIZED_AUTOS = YES_AGGRESSIVE;
				GCC_WARN_UNUSED_FUNCTION = YES;
				GCC_WARN_UNUSED_VARIABLE = YES;
				IPHONEOS_DEPLOYMENT_TARGET = 9.0;
				MTL_ENABLE_DEBUG_INFO = NO;
				SDKROOT = iphoneos;
				VALIDATE_PRODUCT = YES;
			};
			name = Release;
		};
		4E3EC32A1BBD105700C73CFE /* Debug */ = {
			isa = XCBuildConfiguration;
			buildSettings = {
				ASSETCATALOG_COMPILER_APPICON_NAME = AppIcon;
				HEADER_SEARCH_PATHS = ./Kumdo/;
				INFOPLIST_FILE = Kumdo/Info.plist;
				IPHONEOS_DEPLOYMENT_TARGET = 8.4;
				LD_RUNPATH_SEARCH_PATHS = "$(inherited) @executable_path/Frameworks";
				LIBRARY_SEARCH_PATHS = (
					"$(inherited)",
					"$(PROJECT_DIR)/Kumdo/thirdPartyModule",
				);
				OTHER_LDFLAGS = (
					"-ObjC",
					"-all_load",
				);
				PRODUCT_BUNDLE_IDENTIFIER = com.nhnnext.osx.Kumdo;
				PRODUCT_NAME = "$(TARGET_NAME)";
			};
			name = Debug;
		};
		4E3EC32B1BBD105700C73CFE /* Release */ = {
			isa = XCBuildConfiguration;
			buildSettings = {
				ASSETCATALOG_COMPILER_APPICON_NAME = AppIcon;
				HEADER_SEARCH_PATHS = ./Kumdo/;
				INFOPLIST_FILE = Kumdo/Info.plist;
				IPHONEOS_DEPLOYMENT_TARGET = 8.4;
				LD_RUNPATH_SEARCH_PATHS = "$(inherited) @executable_path/Frameworks";
				LIBRARY_SEARCH_PATHS = (
					"$(inherited)",
					"$(PROJECT_DIR)/Kumdo/thirdPartyModule",
				);
				OTHER_LDFLAGS = (
					"-ObjC",
					"-all_load",
				);
				PRODUCT_BUNDLE_IDENTIFIER = com.nhnnext.osx.Kumdo;
				PRODUCT_NAME = "$(TARGET_NAME)";
			};
			name = Release;
		};
		4E3EC32D1BBD105700C73CFE /* Debug */ = {
			isa = XCBuildConfiguration;
			buildSettings = {
				BUNDLE_LOADER = "$(TEST_HOST)";
				INFOPLIST_FILE = KumdoTests/Info.plist;
				LD_RUNPATH_SEARCH_PATHS = "$(inherited) @executable_path/Frameworks @loader_path/Frameworks";
				PRODUCT_BUNDLE_IDENTIFIER = com.nhnnext.osx.KumdoTests;
				PRODUCT_NAME = "$(TARGET_NAME)";
				TEST_HOST = "$(BUILT_PRODUCTS_DIR)/Kumdo.app/Kumdo";
			};
			name = Debug;
		};
		4E3EC32E1BBD105700C73CFE /* Release */ = {
			isa = XCBuildConfiguration;
			buildSettings = {
				BUNDLE_LOADER = "$(TEST_HOST)";
				INFOPLIST_FILE = KumdoTests/Info.plist;
				LD_RUNPATH_SEARCH_PATHS = "$(inherited) @executable_path/Frameworks @loader_path/Frameworks";
				PRODUCT_BUNDLE_IDENTIFIER = com.nhnnext.osx.KumdoTests;
				PRODUCT_NAME = "$(TARGET_NAME)";
				TEST_HOST = "$(BUILT_PRODUCTS_DIR)/Kumdo.app/Kumdo";
			};
			name = Release;
		};
		4E3EC3301BBD105700C73CFE /* Debug */ = {
			isa = XCBuildConfiguration;
			buildSettings = {
				INFOPLIST_FILE = KumdoUITests/Info.plist;
				LD_RUNPATH_SEARCH_PATHS = "$(inherited) @executable_path/Frameworks @loader_path/Frameworks";
				PRODUCT_BUNDLE_IDENTIFIER = com.nhnnext.osx.KumdoUITests;
				PRODUCT_NAME = "$(TARGET_NAME)";
				TEST_TARGET_NAME = Kumdo;
				USES_XCTRUNNER = YES;
			};
			name = Debug;
		};
		4E3EC3311BBD105700C73CFE /* Release */ = {
			isa = XCBuildConfiguration;
			buildSettings = {
				INFOPLIST_FILE = KumdoUITests/Info.plist;
				LD_RUNPATH_SEARCH_PATHS = "$(inherited) @executable_path/Frameworks @loader_path/Frameworks";
				PRODUCT_BUNDLE_IDENTIFIER = com.nhnnext.osx.KumdoUITests;
				PRODUCT_NAME = "$(TARGET_NAME)";
				TEST_TARGET_NAME = Kumdo;
				USES_XCTRUNNER = YES;
			};
			name = Release;
		};
/* End XCBuildConfiguration section */

/* Begin XCConfigurationList section */
		4E3EC2F71BBD105700C73CFE /* Build configuration list for PBXProject "Kumdo" */ = {
			isa = XCConfigurationList;
			buildConfigurations = (
				4E3EC3271BBD105700C73CFE /* Debug */,
				4E3EC3281BBD105700C73CFE /* Release */,
			);
			defaultConfigurationIsVisible = 0;
			defaultConfigurationName = Release;
		};
		4E3EC3291BBD105700C73CFE /* Build configuration list for PBXNativeTarget "Kumdo" */ = {
			isa = XCConfigurationList;
			buildConfigurations = (
				4E3EC32A1BBD105700C73CFE /* Debug */,
				4E3EC32B1BBD105700C73CFE /* Release */,
			);
			defaultConfigurationIsVisible = 0;
			defaultConfigurationName = Release;
		};
		4E3EC32C1BBD105700C73CFE /* Build configuration list for PBXNativeTarget "KumdoTests" */ = {
			isa = XCConfigurationList;
			buildConfigurations = (
				4E3EC32D1BBD105700C73CFE /* Debug */,
				4E3EC32E1BBD105700C73CFE /* Release */,
			);
			defaultConfigurationIsVisible = 0;
			defaultConfigurationName = Release;
		};
		4E3EC32F1BBD105700C73CFE /* Build configuration list for PBXNativeTarget "KumdoUITests" */ = {
			isa = XCConfigurationList;
			buildConfigurations = (
				4E3EC3301BBD105700C73CFE /* Debug */,
				4E3EC3311BBD105700C73CFE /* Release */,
			);
			defaultConfigurationIsVisible = 0;
			defaultConfigurationName = Release;
		};
/* End XCConfigurationList section */
	};
	rootObject = 4E3EC2F41BBD105700C73CFE /* Project object */;
}
